// !$*UTF8*$!
{
	archiveVersion = 1;
	classes = {
	};
	objectVersion = 55;
	objects = {

/* Begin PBXBuildFile section */
		A42FBAD828C105B6009DF3E2 /* HomeUseCases.swift in Sources */ = {isa = PBXBuildFile; fileRef = A42FBAD728C105B6009DF3E2 /* HomeUseCases.swift */; };
		A42FBADA28C10613009DF3E2 /* RecepieRepository.swift in Sources */ = {isa = PBXBuildFile; fileRef = A42FBAD928C10613009DF3E2 /* RecepieRepository.swift */; };
		A42FBAE028C106BE009DF3E2 /* RecepieRepositoryFake.swift in Sources */ = {isa = PBXBuildFile; fileRef = A42FBADF28C106BE009DF3E2 /* RecepieRepositoryFake.swift */; };
		A42FBAE228C1076D009DF3E2 /* HomePresenter.swift in Sources */ = {isa = PBXBuildFile; fileRef = A42FBAE128C1076D009DF3E2 /* HomePresenter.swift */; };
		A42FBAE428C10784009DF3E2 /* HomeViewDelegate.swift in Sources */ = {isa = PBXBuildFile; fileRef = A42FBAE328C10784009DF3E2 /* HomeViewDelegate.swift */; };
		A42FBAE828C10A0F009DF3E2 /* ApiClient.swift in Sources */ = {isa = PBXBuildFile; fileRef = A42FBAE728C10A0F009DF3E2 /* ApiClient.swift */; };
		A42FBAEB28C10A1F009DF3E2 /* ApiRecepie.swift in Sources */ = {isa = PBXBuildFile; fileRef = A42FBAEA28C10A1F009DF3E2 /* ApiRecepie.swift */; };
		A42FBAED28C10AE0009DF3E2 /* ApiPaginatedResponse.swift in Sources */ = {isa = PBXBuildFile; fileRef = A42FBAEC28C10AE0009DF3E2 /* ApiPaginatedResponse.swift */; };
		A42FBAEF28C10B91009DF3E2 /* RecepieRepositoryApi.swift in Sources */ = {isa = PBXBuildFile; fileRef = A42FBAEE28C10B91009DF3E2 /* RecepieRepositoryApi.swift */; };
		A4645D7A28B91EE600B7A665 /* AppDelegate.swift in Sources */ = {isa = PBXBuildFile; fileRef = A4645D7928B91EE600B7A665 /* AppDelegate.swift */; };
		A4645D7C28B91EE600B7A665 /* SceneDelegate.swift in Sources */ = {isa = PBXBuildFile; fileRef = A4645D7B28B91EE600B7A665 /* SceneDelegate.swift */; };
		A4645D8328B91EE800B7A665 /* Assets.xcassets in Resources */ = {isa = PBXBuildFile; fileRef = A4645D8228B91EE800B7A665 /* Assets.xcassets */; };
		A4645D8628B91EE800B7A665 /* LaunchScreen.storyboard in Resources */ = {isa = PBXBuildFile; fileRef = A4645D8428B91EE800B7A665 /* LaunchScreen.storyboard */; };
		A4645D9128B91EE800B7A665 /* OipieTests.swift in Sources */ = {isa = PBXBuildFile; fileRef = A4645D9028B91EE800B7A665 /* OipieTests.swift */; };
		A4645D9B28B91EE800B7A665 /* MainNavigationTests.swift in Sources */ = {isa = PBXBuildFile; fileRef = A4645D9A28B91EE800B7A665 /* MainNavigationTests.swift */; };
		A4645DAA28B91F3A00B7A665 /* main.swift in Sources */ = {isa = PBXBuildFile; fileRef = A4645DA928B91F3A00B7A665 /* main.swift */; };
		A4645DAC28B920D300B7A665 /* MainTabBarController.swift in Sources */ = {isa = PBXBuildFile; fileRef = A4645DAB28B920D300B7A665 /* MainTabBarController.swift */; };
		A4645DCB28BE06A100B7A665 /* HomeViewController.swift in Sources */ = {isa = PBXBuildFile; fileRef = A4645DCA28BE06A100B7A665 /* HomeViewController.swift */; };
		A4645DCD28BE06EF00B7A665 /* SearchViewController.swift in Sources */ = {isa = PBXBuildFile; fileRef = A4645DCC28BE06EF00B7A665 /* SearchViewController.swift */; };
		A4645DCF28BE06FF00B7A665 /* FavouritesViewController.swift in Sources */ = {isa = PBXBuildFile; fileRef = A4645DCE28BE06FF00B7A665 /* FavouritesViewController.swift */; };
		A4645DD128BE071800B7A665 /* MyRecepiesViewController.swift in Sources */ = {isa = PBXBuildFile; fileRef = A4645DD028BE071800B7A665 /* MyRecepiesViewController.swift */; };
		A4645DD328BE075700B7A665 /* ProfileViewController.swift in Sources */ = {isa = PBXBuildFile; fileRef = A4645DD228BE075700B7A665 /* ProfileViewController.swift */; };
		A4645DD628BE07F600B7A665 /* Swinject in Frameworks */ = {isa = PBXBuildFile; productRef = A4645DD528BE07F600B7A665 /* Swinject */; };
		A4645DD828BE080E00B7A665 /* AppFactory.swift in Sources */ = {isa = PBXBuildFile; fileRef = A4645DD728BE080E00B7A665 /* AppFactory.swift */; };
		A4645DDB28BE0D9400B7A665 /* Nimble in Frameworks */ = {isa = PBXBuildFile; productRef = A4645DDA28BE0D9400B7A665 /* Nimble */; };
		A4645DDE28BE0DA700B7A665 /* Nimble in Frameworks */ = {isa = PBXBuildFile; productRef = A4645DDD28BE0DA700B7A665 /* Nimble */; };
		A4645DE128BE0E4A00B7A665 /* CustomMatchers.swift in Sources */ = {isa = PBXBuildFile; fileRef = A4645DE028BE0E4A00B7A665 /* CustomMatchers.swift */; };
		A4645DE628BF55FD00B7A665 /* RecepieCardCollectionViewCell.swift in Sources */ = {isa = PBXBuildFile; fileRef = A4645DE528BF55FD00B7A665 /* RecepieCardCollectionViewCell.swift */; };
		A4645DEB28BF648000B7A665 /* Kingfisher in Frameworks */ = {isa = PBXBuildFile; productRef = A4645DEA28BF648000B7A665 /* Kingfisher */; };
		A4CDD35B28BF79B6007B3763 /* HomeTests.swift in Sources */ = {isa = PBXBuildFile; fileRef = A4CDD35A28BF79B6007B3763 /* HomeTests.swift */; };
		A4CDD35D28BF7A0D007B3763 /* RecepieCardInfoView.swift in Sources */ = {isa = PBXBuildFile; fileRef = A4CDD35C28BF7A0D007B3763 /* RecepieCardInfoView.swift */; };
		A4CDD36028BF81B4007B3763 /* Recepie.swift in Sources */ = {isa = PBXBuildFile; fileRef = A4CDD35F28BF81B4007B3763 /* Recepie.swift */; };
		A4CDD36328BF822C007B3763 /* Recepies.swift in Sources */ = {isa = PBXBuildFile; fileRef = A4CDD36228BF822C007B3763 /* Recepies.swift */; };
		A4CDD36528BFBB97007B3763 /* RecepieCardLabel.swift in Sources */ = {isa = PBXBuildFile; fileRef = A4CDD36428BFBB97007B3763 /* RecepieCardLabel.swift */; };
		A4CDD36728BFC229007B3763 /* Montserrat-Regular.ttf in Resources */ = {isa = PBXBuildFile; fileRef = A4CDD36628BFC229007B3763 /* Montserrat-Regular.ttf */; };
		CA9FA80E28BCCFB300942E23 /* MainTabBar.swift in Sources */ = {isa = PBXBuildFile; fileRef = CA9FA80D28BCCFB300942E23 /* MainTabBar.swift */; };
		CA9FA81028BCD28500942E23 /* MainTabBarItem.swift in Sources */ = {isa = PBXBuildFile; fileRef = CA9FA80F28BCD28500942E23 /* MainTabBarItem.swift */; };
		CA9FA81728BCE24E00942E23 /* Montserrat-SemiBold.ttf in Resources */ = {isa = PBXBuildFile; fileRef = CA9FA81628BCE24E00942E23 /* Montserrat-SemiBold.ttf */; };
		CABE897528BDF70700EC9277 /* UIColorExtension.swift in Sources */ = {isa = PBXBuildFile; fileRef = CABE897428BDF70700EC9277 /* UIColorExtension.swift */; };
/* End PBXBuildFile section */

/* Begin PBXContainerItemProxy section */
		A4645D8D28B91EE800B7A665 /* PBXContainerItemProxy */ = {
			isa = PBXContainerItemProxy;
			containerPortal = A4645D6E28B91EE500B7A665 /* Project object */;
			proxyType = 1;
			remoteGlobalIDString = A4645D7528B91EE600B7A665;
			remoteInfo = Oipie;
		};
		A4645D9728B91EE800B7A665 /* PBXContainerItemProxy */ = {
			isa = PBXContainerItemProxy;
			containerPortal = A4645D6E28B91EE500B7A665 /* Project object */;
			proxyType = 1;
			remoteGlobalIDString = A4645D7528B91EE600B7A665;
			remoteInfo = Oipie;
		};
/* End PBXContainerItemProxy section */

/* Begin PBXFileReference section */
		A42FBAD728C105B6009DF3E2 /* HomeUseCases.swift */ = {isa = PBXFileReference; lastKnownFileType = sourcecode.swift; path = HomeUseCases.swift; sourceTree = "<group>"; };
		A42FBAD928C10613009DF3E2 /* RecepieRepository.swift */ = {isa = PBXFileReference; lastKnownFileType = sourcecode.swift; path = RecepieRepository.swift; sourceTree = "<group>"; };
		A42FBADF28C106BE009DF3E2 /* RecepieRepositoryFake.swift */ = {isa = PBXFileReference; lastKnownFileType = sourcecode.swift; path = RecepieRepositoryFake.swift; sourceTree = "<group>"; };
		A42FBAE128C1076D009DF3E2 /* HomePresenter.swift */ = {isa = PBXFileReference; lastKnownFileType = sourcecode.swift; path = HomePresenter.swift; sourceTree = "<group>"; };
		A42FBAE328C10784009DF3E2 /* HomeViewDelegate.swift */ = {isa = PBXFileReference; lastKnownFileType = sourcecode.swift; path = HomeViewDelegate.swift; sourceTree = "<group>"; };
		A42FBAE728C10A0F009DF3E2 /* ApiClient.swift */ = {isa = PBXFileReference; lastKnownFileType = sourcecode.swift; path = ApiClient.swift; sourceTree = "<group>"; };
		A42FBAEA28C10A1F009DF3E2 /* ApiRecepie.swift */ = {isa = PBXFileReference; lastKnownFileType = sourcecode.swift; path = ApiRecepie.swift; sourceTree = "<group>"; };
		A42FBAEC28C10AE0009DF3E2 /* ApiPaginatedResponse.swift */ = {isa = PBXFileReference; lastKnownFileType = sourcecode.swift; path = ApiPaginatedResponse.swift; sourceTree = "<group>"; };
		A42FBAEE28C10B91009DF3E2 /* RecepieRepositoryApi.swift */ = {isa = PBXFileReference; lastKnownFileType = sourcecode.swift; path = RecepieRepositoryApi.swift; sourceTree = "<group>"; };
		A4645D7628B91EE600B7A665 /* Oipie.app */ = {isa = PBXFileReference; explicitFileType = wrapper.application; includeInIndex = 0; path = Oipie.app; sourceTree = BUILT_PRODUCTS_DIR; };
		A4645D7928B91EE600B7A665 /* AppDelegate.swift */ = {isa = PBXFileReference; lastKnownFileType = sourcecode.swift; path = AppDelegate.swift; sourceTree = "<group>"; };
		A4645D7B28B91EE600B7A665 /* SceneDelegate.swift */ = {isa = PBXFileReference; lastKnownFileType = sourcecode.swift; path = SceneDelegate.swift; sourceTree = "<group>"; };
		A4645D8228B91EE800B7A665 /* Assets.xcassets */ = {isa = PBXFileReference; lastKnownFileType = folder.assetcatalog; path = Assets.xcassets; sourceTree = "<group>"; };
		A4645D8528B91EE800B7A665 /* Base */ = {isa = PBXFileReference; lastKnownFileType = file.storyboard; name = Base; path = Base.lproj/LaunchScreen.storyboard; sourceTree = "<group>"; };
		A4645D8728B91EE800B7A665 /* Info.plist */ = {isa = PBXFileReference; lastKnownFileType = text.plist.xml; path = Info.plist; sourceTree = "<group>"; };
		A4645D8C28B91EE800B7A665 /* OipieTests.xctest */ = {isa = PBXFileReference; explicitFileType = wrapper.cfbundle; includeInIndex = 0; path = OipieTests.xctest; sourceTree = BUILT_PRODUCTS_DIR; };
		A4645D9028B91EE800B7A665 /* OipieTests.swift */ = {isa = PBXFileReference; lastKnownFileType = sourcecode.swift; path = OipieTests.swift; sourceTree = "<group>"; };
		A4645D9628B91EE800B7A665 /* OipieUITests.xctest */ = {isa = PBXFileReference; explicitFileType = wrapper.cfbundle; includeInIndex = 0; path = OipieUITests.xctest; sourceTree = BUILT_PRODUCTS_DIR; };
		A4645D9A28B91EE800B7A665 /* MainNavigationTests.swift */ = {isa = PBXFileReference; lastKnownFileType = sourcecode.swift; path = MainNavigationTests.swift; sourceTree = "<group>"; };
		A4645DA928B91F3A00B7A665 /* main.swift */ = {isa = PBXFileReference; lastKnownFileType = sourcecode.swift; path = main.swift; sourceTree = "<group>"; };
		A4645DAB28B920D300B7A665 /* MainTabBarController.swift */ = {isa = PBXFileReference; lastKnownFileType = sourcecode.swift; path = MainTabBarController.swift; sourceTree = "<group>"; };
		A4645DCA28BE06A100B7A665 /* HomeViewController.swift */ = {isa = PBXFileReference; lastKnownFileType = sourcecode.swift; path = HomeViewController.swift; sourceTree = "<group>"; };
		A4645DCC28BE06EF00B7A665 /* SearchViewController.swift */ = {isa = PBXFileReference; lastKnownFileType = sourcecode.swift; path = SearchViewController.swift; sourceTree = "<group>"; };
		A4645DCE28BE06FF00B7A665 /* FavouritesViewController.swift */ = {isa = PBXFileReference; lastKnownFileType = sourcecode.swift; path = FavouritesViewController.swift; sourceTree = "<group>"; };
		A4645DD028BE071800B7A665 /* MyRecepiesViewController.swift */ = {isa = PBXFileReference; lastKnownFileType = sourcecode.swift; path = MyRecepiesViewController.swift; sourceTree = "<group>"; };
		A4645DD228BE075700B7A665 /* ProfileViewController.swift */ = {isa = PBXFileReference; lastKnownFileType = sourcecode.swift; path = ProfileViewController.swift; sourceTree = "<group>"; };
		A4645DD728BE080E00B7A665 /* AppFactory.swift */ = {isa = PBXFileReference; lastKnownFileType = sourcecode.swift; path = AppFactory.swift; sourceTree = "<group>"; };
		A4645DE028BE0E4A00B7A665 /* CustomMatchers.swift */ = {isa = PBXFileReference; lastKnownFileType = sourcecode.swift; path = CustomMatchers.swift; sourceTree = "<group>"; };
		A4645DE228BE450E00B7A665 /* README.md */ = {isa = PBXFileReference; lastKnownFileType = net.daringfireball.markdown; path = README.md; sourceTree = "<group>"; };
		A4645DE328BE453500B7A665 /* TECH_DEBT.md */ = {isa = PBXFileReference; lastKnownFileType = net.daringfireball.markdown; path = TECH_DEBT.md; sourceTree = "<group>"; };
		A4645DE528BF55FD00B7A665 /* RecepieCardCollectionViewCell.swift */ = {isa = PBXFileReference; lastKnownFileType = sourcecode.swift; path = RecepieCardCollectionViewCell.swift; sourceTree = "<group>"; };
		A4CDD35A28BF79B6007B3763 /* HomeTests.swift */ = {isa = PBXFileReference; lastKnownFileType = sourcecode.swift; path = HomeTests.swift; sourceTree = "<group>"; };
		A4CDD35C28BF7A0D007B3763 /* RecepieCardInfoView.swift */ = {isa = PBXFileReference; lastKnownFileType = sourcecode.swift; path = RecepieCardInfoView.swift; sourceTree = "<group>"; };
		A4CDD35F28BF81B4007B3763 /* Recepie.swift */ = {isa = PBXFileReference; lastKnownFileType = sourcecode.swift; path = Recepie.swift; sourceTree = "<group>"; };
		A4CDD36228BF822C007B3763 /* Recepies.swift */ = {isa = PBXFileReference; lastKnownFileType = sourcecode.swift; path = Recepies.swift; sourceTree = "<group>"; };
		A4CDD36428BFBB97007B3763 /* RecepieCardLabel.swift */ = {isa = PBXFileReference; lastKnownFileType = sourcecode.swift; path = RecepieCardLabel.swift; sourceTree = "<group>"; };
		A4CDD36628BFC229007B3763 /* Montserrat-Regular.ttf */ = {isa = PBXFileReference; lastKnownFileType = file; path = "Montserrat-Regular.ttf"; sourceTree = "<group>"; };
		CA9FA80D28BCCFB300942E23 /* MainTabBar.swift */ = {isa = PBXFileReference; lastKnownFileType = sourcecode.swift; path = MainTabBar.swift; sourceTree = "<group>"; };
		CA9FA80F28BCD28500942E23 /* MainTabBarItem.swift */ = {isa = PBXFileReference; lastKnownFileType = sourcecode.swift; path = MainTabBarItem.swift; sourceTree = "<group>"; };
		CA9FA81628BCE24E00942E23 /* Montserrat-SemiBold.ttf */ = {isa = PBXFileReference; lastKnownFileType = file; path = "Montserrat-SemiBold.ttf"; sourceTree = "<group>"; };
		CABE897428BDF70700EC9277 /* UIColorExtension.swift */ = {isa = PBXFileReference; lastKnownFileType = sourcecode.swift; path = UIColorExtension.swift; sourceTree = "<group>"; };
/* End PBXFileReference section */

/* Begin PBXFrameworksBuildPhase section */
		A4645D7328B91EE600B7A665 /* Frameworks */ = {
			isa = PBXFrameworksBuildPhase;
			buildActionMask = 2147483647;
			files = (
				A4645DEB28BF648000B7A665 /* Kingfisher in Frameworks */,
				A4645DD628BE07F600B7A665 /* Swinject in Frameworks */,
			);
			runOnlyForDeploymentPostprocessing = 0;
		};
		A4645D8928B91EE800B7A665 /* Frameworks */ = {
			isa = PBXFrameworksBuildPhase;
			buildActionMask = 2147483647;
			files = (
				A4645DDE28BE0DA700B7A665 /* Nimble in Frameworks */,
			);
			runOnlyForDeploymentPostprocessing = 0;
		};
		A4645D9328B91EE800B7A665 /* Frameworks */ = {
			isa = PBXFrameworksBuildPhase;
			buildActionMask = 2147483647;
			files = (
				A4645DDB28BE0D9400B7A665 /* Nimble in Frameworks */,
			);
			runOnlyForDeploymentPostprocessing = 0;
		};
/* End PBXFrameworksBuildPhase section */

/* Begin PBXGroup section */
		A42FBAD628C105A6009DF3E2 /* UseCases */ = {
			isa = PBXGroup;
			children = (
				A42FBAD728C105B6009DF3E2 /* HomeUseCases.swift */,
			);
			path = UseCases;
			sourceTree = "<group>";
		};
		A42FBADB28C10652009DF3E2 /* Domain */ = {
			isa = PBXGroup;
			children = (
			);
			path = Domain;
			sourceTree = "<group>";
		};
		A42FBADE28C106A7009DF3E2 /* Repositories */ = {
			isa = PBXGroup;
			children = (
				A42FBADF28C106BE009DF3E2 /* RecepieRepositoryFake.swift */,
				A42FBAEE28C10B91009DF3E2 /* RecepieRepositoryApi.swift */,
			);
			path = Repositories;
			sourceTree = "<group>";
		};
		A42FBAE528C109E8009DF3E2 /* Datasources */ = {
			isa = PBXGroup;
			children = (
				A42FBAE628C109EE009DF3E2 /* API */,
			);
			path = Datasources;
			sourceTree = "<group>";
		};
		A42FBAE628C109EE009DF3E2 /* API */ = {
			isa = PBXGroup;
			children = (
				A42FBAE928C10A13009DF3E2 /* models */,
				A42FBAE728C10A0F009DF3E2 /* ApiClient.swift */,
			);
			path = API;
			sourceTree = "<group>";
		};
		A42FBAE928C10A13009DF3E2 /* models */ = {
			isa = PBXGroup;
			children = (
				A42FBAEA28C10A1F009DF3E2 /* ApiRecepie.swift */,
				A42FBAEC28C10AE0009DF3E2 /* ApiPaginatedResponse.swift */,
			);
			path = models;
			sourceTree = "<group>";
		};
		A4645D6D28B91EE500B7A665 = {
			isa = PBXGroup;
			children = (
				A4645D7828B91EE600B7A665 /* Oipie */,
				A4645D8F28B91EE800B7A665 /* OipieTests */,
				A4645D9928B91EE800B7A665 /* OipieUITests */,
				A4645DE228BE450E00B7A665 /* README.md */,
				A4645DE328BE453500B7A665 /* TECH_DEBT.md */,
				A4645D7728B91EE600B7A665 /* Products */,
			);
			sourceTree = "<group>";
		};
		A4645D7728B91EE600B7A665 /* Products */ = {
			isa = PBXGroup;
			children = (
				A4645D7628B91EE600B7A665 /* Oipie.app */,
				A4645D8C28B91EE800B7A665 /* OipieTests.xctest */,
				A4645D9628B91EE800B7A665 /* OipieUITests.xctest */,
			);
			name = Products;
			sourceTree = "<group>";
		};
		A4645D7828B91EE600B7A665 /* Oipie */ = {
			isa = PBXGroup;
			children = (
				A4645DB828BE05C000B7A665 /* Home */,
				A4645DB928BE05CB00B7A665 /* Search */,
				A4645DBA28BE05D100B7A665 /* Favourites */,
				A4645DBB28BE05DA00B7A665 /* MyRecepies */,
				A4645DBC28BE05E400B7A665 /* Profile */,
				A4645DB528BE056800B7A665 /* Main */,
				A4645DB628BE058100B7A665 /* Shared */,
				A4645D7928B91EE600B7A665 /* AppDelegate.swift */,
				A4645D7B28B91EE600B7A665 /* SceneDelegate.swift */,
				A4645D8228B91EE800B7A665 /* Assets.xcassets */,
				A4645D8428B91EE800B7A665 /* LaunchScreen.storyboard */,
				A4645D8728B91EE800B7A665 /* Info.plist */,
				A4645DA928B91F3A00B7A665 /* main.swift */,
			);
			path = Oipie;
			sourceTree = "<group>";
		};
		A4645D8F28B91EE800B7A665 /* OipieTests */ = {
			isa = PBXGroup;
			children = (
				A4645D9028B91EE800B7A665 /* OipieTests.swift */,
			);
			path = OipieTests;
			sourceTree = "<group>";
		};
		A4645D9928B91EE800B7A665 /* OipieUITests */ = {
			isa = PBXGroup;
			children = (
				A4645DDF28BE0E4000B7A665 /* utils */,
				A4CDD35A28BF79B6007B3763 /* HomeTests.swift */,
				A4645D9A28B91EE800B7A665 /* MainNavigationTests.swift */,
			);
			path = OipieUITests;
			sourceTree = "<group>";
		};
		A4645DB528BE056800B7A665 /* Main */ = {
			isa = PBXGroup;
			children = (
				A4645DC728BE066400B7A665 /* Infrastructure */,
			);
			path = Main;
			sourceTree = "<group>";
		};
		A4645DB628BE058100B7A665 /* Shared */ = {
			isa = PBXGroup;
			children = (
				A42FBADB28C10652009DF3E2 /* Domain */,
				A4645DB728BE059B00B7A665 /* Infrastructure */,
			);
			path = Shared;
			sourceTree = "<group>";
		};
		A4645DB728BE059B00B7A665 /* Infrastructure */ = {
			isa = PBXGroup;
			children = (
				A42FBAE528C109E8009DF3E2 /* Datasources */,
				A4CDD36128BF8220007B3763 /* Fixtures */,
				CA9FA81128BCDF9E00942E23 /* Fonts */,
				CABE897428BDF70700EC9277 /* UIColorExtension.swift */,
				A4645DD728BE080E00B7A665 /* AppFactory.swift */,
			);
			path = Infrastructure;
			sourceTree = "<group>";
		};
		A4645DB828BE05C000B7A665 /* Home */ = {
			isa = PBXGroup;
			children = (
				A42FBAD628C105A6009DF3E2 /* UseCases */,
				A4CDD35E28BF81A7007B3763 /* Domain */,
				A4645DBD28BE062100B7A665 /* Infrastructure */,
			);
			path = Home;
			sourceTree = "<group>";
		};
		A4645DB928BE05CB00B7A665 /* Search */ = {
			isa = PBXGroup;
			children = (
				A4645DBE28BE062800B7A665 /* Infrastructure */,
			);
			path = Search;
			sourceTree = "<group>";
		};
		A4645DBA28BE05D100B7A665 /* Favourites */ = {
			isa = PBXGroup;
			children = (
				A4645DBF28BE062B00B7A665 /* Infrastructure */,
			);
			path = Favourites;
			sourceTree = "<group>";
		};
		A4645DBB28BE05DA00B7A665 /* MyRecepies */ = {
			isa = PBXGroup;
			children = (
				A4645DC028BE062E00B7A665 /* Infrastructure */,
			);
			path = MyRecepies;
			sourceTree = "<group>";
		};
		A4645DBC28BE05E400B7A665 /* Profile */ = {
			isa = PBXGroup;
			children = (
				A4645DC128BE063200B7A665 /* Infrastructure */,
			);
			path = Profile;
			sourceTree = "<group>";
		};
		A4645DBD28BE062100B7A665 /* Infrastructure */ = {
			isa = PBXGroup;
			children = (
				A42FBADE28C106A7009DF3E2 /* Repositories */,
				A4645DC228BE063800B7A665 /* UI */,
			);
			path = Infrastructure;
			sourceTree = "<group>";
		};
		A4645DBE28BE062800B7A665 /* Infrastructure */ = {
			isa = PBXGroup;
			children = (
				A4645DC328BE064400B7A665 /* UI */,
				A4645DCC28BE06EF00B7A665 /* SearchViewController.swift */,
			);
			path = Infrastructure;
			sourceTree = "<group>";
		};
		A4645DBF28BE062B00B7A665 /* Infrastructure */ = {
			isa = PBXGroup;
			children = (
				A4645DC428BE064700B7A665 /* UI */,
				A4645DCE28BE06FF00B7A665 /* FavouritesViewController.swift */,
			);
			path = Infrastructure;
			sourceTree = "<group>";
		};
		A4645DC028BE062E00B7A665 /* Infrastructure */ = {
			isa = PBXGroup;
			children = (
				A4645DC528BE064A00B7A665 /* UI */,
			);
			path = Infrastructure;
			sourceTree = "<group>";
		};
		A4645DC128BE063200B7A665 /* Infrastructure */ = {
			isa = PBXGroup;
			children = (
				A4645DC628BE064D00B7A665 /* UI */,
			);
			path = Infrastructure;
			sourceTree = "<group>";
		};
		A4645DC228BE063800B7A665 /* UI */ = {
			isa = PBXGroup;
			children = (
				A4645DE428BF559200B7A665 /* Views */,
				A4645DCA28BE06A100B7A665 /* HomeViewController.swift */,
				A42FBAE128C1076D009DF3E2 /* HomePresenter.swift */,
				A42FBAE328C10784009DF3E2 /* HomeViewDelegate.swift */,
			);
			path = UI;
			sourceTree = "<group>";
		};
		A4645DC328BE064400B7A665 /* UI */ = {
			isa = PBXGroup;
			children = (
			);
			path = UI;
			sourceTree = "<group>";
		};
		A4645DC428BE064700B7A665 /* UI */ = {
			isa = PBXGroup;
			children = (
			);
			path = UI;
			sourceTree = "<group>";
		};
		A4645DC528BE064A00B7A665 /* UI */ = {
			isa = PBXGroup;
			children = (
				A4645DD028BE071800B7A665 /* MyRecepiesViewController.swift */,
			);
			path = UI;
			sourceTree = "<group>";
		};
		A4645DC628BE064D00B7A665 /* UI */ = {
			isa = PBXGroup;
			children = (
				A4645DD228BE075700B7A665 /* ProfileViewController.swift */,
			);
			path = UI;
			sourceTree = "<group>";
		};
		A4645DC728BE066400B7A665 /* Infrastructure */ = {
			isa = PBXGroup;
			children = (
				A4645DC828BE066B00B7A665 /* UI */,
			);
			path = Infrastructure;
			sourceTree = "<group>";
		};
		A4645DC828BE066B00B7A665 /* UI */ = {
			isa = PBXGroup;
			children = (
				A4645DC928BE067000B7A665 /* Views */,
				A4645DAB28B920D300B7A665 /* MainTabBarController.swift */,
			);
			path = UI;
			sourceTree = "<group>";
		};
		A4645DC928BE067000B7A665 /* Views */ = {
			isa = PBXGroup;
			children = (
				CA9FA80D28BCCFB300942E23 /* MainTabBar.swift */,
				CA9FA80F28BCD28500942E23 /* MainTabBarItem.swift */,
			);
			path = Views;
			sourceTree = "<group>";
		};
		A4645DDF28BE0E4000B7A665 /* utils */ = {
			isa = PBXGroup;
			children = (
				A4645DE028BE0E4A00B7A665 /* CustomMatchers.swift */,
			);
			path = utils;
			sourceTree = "<group>";
		};
		A4645DE428BF559200B7A665 /* Views */ = {
			isa = PBXGroup;
			children = (
				A4645DE528BF55FD00B7A665 /* RecepieCardCollectionViewCell.swift */,
				A4CDD35C28BF7A0D007B3763 /* RecepieCardInfoView.swift */,
				A4CDD36428BFBB97007B3763 /* RecepieCardLabel.swift */,
			);
			path = Views;
			sourceTree = "<group>";
		};
		A4CDD35E28BF81A7007B3763 /* Domain */ = {
			isa = PBXGroup;
			children = (
				A4CDD35F28BF81B4007B3763 /* Recepie.swift */,
				A42FBAD928C10613009DF3E2 /* RecepieRepository.swift */,
			);
			path = Domain;
			sourceTree = "<group>";
		};
		A4CDD36128BF8220007B3763 /* Fixtures */ = {
			isa = PBXGroup;
			children = (
				A4CDD36228BF822C007B3763 /* Recepies.swift */,
			);
			path = Fixtures;
			sourceTree = "<group>";
		};
		CA9FA81128BCDF9E00942E23 /* Fonts */ = {
			isa = PBXGroup;
			children = (
				A4CDD36628BFC229007B3763 /* Montserrat-Regular.ttf */,
				CA9FA81628BCE24E00942E23 /* Montserrat-SemiBold.ttf */,
			);
			path = Fonts;
			sourceTree = "<group>";
		};
/* End PBXGroup section */

/* Begin PBXNativeTarget section */
		A4645D7528B91EE600B7A665 /* Oipie */ = {
			isa = PBXNativeTarget;
			buildConfigurationList = A4645DA028B91EE800B7A665 /* Build configuration list for PBXNativeTarget "Oipie" */;
			buildPhases = (
				A4645D7228B91EE600B7A665 /* Sources */,
				A4645D7328B91EE600B7A665 /* Frameworks */,
				A4645D7428B91EE600B7A665 /* Resources */,
			);
			buildRules = (
			);
			dependencies = (
			);
			name = Oipie;
			packageProductDependencies = (
				A4645DD528BE07F600B7A665 /* Swinject */,
				A4645DEA28BF648000B7A665 /* Kingfisher */,
			);
			productName = Oipie;
			productReference = A4645D7628B91EE600B7A665 /* Oipie.app */;
			productType = "com.apple.product-type.application";
		};
		A4645D8B28B91EE800B7A665 /* OipieTests */ = {
			isa = PBXNativeTarget;
			buildConfigurationList = A4645DA328B91EE800B7A665 /* Build configuration list for PBXNativeTarget "OipieTests" */;
			buildPhases = (
				A4645D8828B91EE800B7A665 /* Sources */,
				A4645D8928B91EE800B7A665 /* Frameworks */,
				A4645D8A28B91EE800B7A665 /* Resources */,
			);
			buildRules = (
			);
			dependencies = (
				A4645D8E28B91EE800B7A665 /* PBXTargetDependency */,
			);
			name = OipieTests;
			packageProductDependencies = (
				A4645DDD28BE0DA700B7A665 /* Nimble */,
			);
			productName = OipieTests;
			productReference = A4645D8C28B91EE800B7A665 /* OipieTests.xctest */;
			productType = "com.apple.product-type.bundle.unit-test";
		};
		A4645D9528B91EE800B7A665 /* OipieUITests */ = {
			isa = PBXNativeTarget;
			buildConfigurationList = A4645DA628B91EE800B7A665 /* Build configuration list for PBXNativeTarget "OipieUITests" */;
			buildPhases = (
				A4645D9228B91EE800B7A665 /* Sources */,
				A4645D9328B91EE800B7A665 /* Frameworks */,
				A4645D9428B91EE800B7A665 /* Resources */,
			);
			buildRules = (
			);
			dependencies = (
				A4645D9828B91EE800B7A665 /* PBXTargetDependency */,
			);
			name = OipieUITests;
			packageProductDependencies = (
				A4645DDA28BE0D9400B7A665 /* Nimble */,
			);
			productName = OipieUITests;
			productReference = A4645D9628B91EE800B7A665 /* OipieUITests.xctest */;
			productType = "com.apple.product-type.bundle.ui-testing";
		};
/* End PBXNativeTarget section */

/* Begin PBXProject section */
		A4645D6E28B91EE500B7A665 /* Project object */ = {
			isa = PBXProject;
			attributes = {
				BuildIndependentTargetsInParallel = 1;
				LastSwiftUpdateCheck = 1340;
				LastUpgradeCheck = 1340;
				TargetAttributes = {
					A4645D7528B91EE600B7A665 = {
						CreatedOnToolsVersion = 13.4.1;
					};
					A4645D8B28B91EE800B7A665 = {
						CreatedOnToolsVersion = 13.4.1;
						TestTargetID = A4645D7528B91EE600B7A665;
					};
					A4645D9528B91EE800B7A665 = {
						CreatedOnToolsVersion = 13.4.1;
						TestTargetID = A4645D7528B91EE600B7A665;
					};
				};
			};
			buildConfigurationList = A4645D7128B91EE500B7A665 /* Build configuration list for PBXProject "Oipie" */;
			compatibilityVersion = "Xcode 13.0";
			developmentRegion = en;
			hasScannedForEncodings = 0;
			knownRegions = (
				en,
				Base,
			);
			mainGroup = A4645D6D28B91EE500B7A665;
			packageReferences = (
				A4645DD428BE07F600B7A665 /* XCRemoteSwiftPackageReference "Swinject" */,
				A4645DD928BE0D9400B7A665 /* XCRemoteSwiftPackageReference "Nimble" */,
				A4645DDC28BE0DA700B7A665 /* XCRemoteSwiftPackageReference "Nimble" */,
				A4645DE928BF648000B7A665 /* XCRemoteSwiftPackageReference "Kingfisher" */,
			);
			productRefGroup = A4645D7728B91EE600B7A665 /* Products */;
			projectDirPath = "";
			projectRoot = "";
			targets = (
				A4645D7528B91EE600B7A665 /* Oipie */,
				A4645D8B28B91EE800B7A665 /* OipieTests */,
				A4645D9528B91EE800B7A665 /* OipieUITests */,
			);
		};
/* End PBXProject section */

/* Begin PBXResourcesBuildPhase section */
		A4645D7428B91EE600B7A665 /* Resources */ = {
			isa = PBXResourcesBuildPhase;
			buildActionMask = 2147483647;
			files = (
				A4CDD36728BFC229007B3763 /* Montserrat-Regular.ttf in Resources */,
				CA9FA81728BCE24E00942E23 /* Montserrat-SemiBold.ttf in Resources */,
				A4645D8628B91EE800B7A665 /* LaunchScreen.storyboard in Resources */,
				A4645D8328B91EE800B7A665 /* Assets.xcassets in Resources */,
			);
			runOnlyForDeploymentPostprocessing = 0;
		};
		A4645D8A28B91EE800B7A665 /* Resources */ = {
			isa = PBXResourcesBuildPhase;
			buildActionMask = 2147483647;
			files = (
			);
			runOnlyForDeploymentPostprocessing = 0;
		};
		A4645D9428B91EE800B7A665 /* Resources */ = {
			isa = PBXResourcesBuildPhase;
			buildActionMask = 2147483647;
			files = (
			);
			runOnlyForDeploymentPostprocessing = 0;
		};
/* End PBXResourcesBuildPhase section */

/* Begin PBXSourcesBuildPhase section */
		A4645D7228B91EE600B7A665 /* Sources */ = {
			isa = PBXSourcesBuildPhase;
			buildActionMask = 2147483647;
			files = (
				A4645DCD28BE06EF00B7A665 /* SearchViewController.swift in Sources */,
				A4645D7A28B91EE600B7A665 /* AppDelegate.swift in Sources */,
				A4CDD36528BFBB97007B3763 /* RecepieCardLabel.swift in Sources */,
				A4645DCF28BE06FF00B7A665 /* FavouritesViewController.swift in Sources */,
				A4645DAC28B920D300B7A665 /* MainTabBarController.swift in Sources */,
				A4CDD35D28BF7A0D007B3763 /* RecepieCardInfoView.swift in Sources */,
				A4CDD36028BF81B4007B3763 /* Recepie.swift in Sources */,
				A42FBADA28C10613009DF3E2 /* RecepieRepository.swift in Sources */,
				A42FBAD828C105B6009DF3E2 /* HomeUseCases.swift in Sources */,
				A42FBAEB28C10A1F009DF3E2 /* ApiRecepie.swift in Sources */,
				CA9FA80E28BCCFB300942E23 /* MainTabBar.swift in Sources */,
				A42FBAED28C10AE0009DF3E2 /* ApiPaginatedResponse.swift in Sources */,
				A42FBAE028C106BE009DF3E2 /* RecepieRepositoryFake.swift in Sources */,
				A42FBAE828C10A0F009DF3E2 /* ApiClient.swift in Sources */,
				A4645DAA28B91F3A00B7A665 /* main.swift in Sources */,
				A4645DD828BE080E00B7A665 /* AppFactory.swift in Sources */,
				A4645DCB28BE06A100B7A665 /* HomeViewController.swift in Sources */,
				A42FBAEF28C10B91009DF3E2 /* RecepieRepositoryApi.swift in Sources */,
				CA9FA81028BCD28500942E23 /* MainTabBarItem.swift in Sources */,
				CABE897528BDF70700EC9277 /* UIColorExtension.swift in Sources */,
				A4645DE628BF55FD00B7A665 /* RecepieCardCollectionViewCell.swift in Sources */,
				A4645DD328BE075700B7A665 /* ProfileViewController.swift in Sources */,
				A4645DD128BE071800B7A665 /* MyRecepiesViewController.swift in Sources */,
				A4CDD36328BF822C007B3763 /* Recepies.swift in Sources */,
				A4645D7C28B91EE600B7A665 /* SceneDelegate.swift in Sources */,
				A42FBAE228C1076D009DF3E2 /* HomePresenter.swift in Sources */,
				A42FBAE428C10784009DF3E2 /* HomeViewDelegate.swift in Sources */,
			);
			runOnlyForDeploymentPostprocessing = 0;
		};
		A4645D8828B91EE800B7A665 /* Sources */ = {
			isa = PBXSourcesBuildPhase;
			buildActionMask = 2147483647;
			files = (
				A4645D9128B91EE800B7A665 /* OipieTests.swift in Sources */,
			);
			runOnlyForDeploymentPostprocessing = 0;
		};
		A4645D9228B91EE800B7A665 /* Sources */ = {
			isa = PBXSourcesBuildPhase;
			buildActionMask = 2147483647;
			files = (
				A4645D9B28B91EE800B7A665 /* MainNavigationTests.swift in Sources */,
				A4CDD35B28BF79B6007B3763 /* HomeTests.swift in Sources */,
				A4645DE128BE0E4A00B7A665 /* CustomMatchers.swift in Sources */,
			);
			runOnlyForDeploymentPostprocessing = 0;
		};
/* End PBXSourcesBuildPhase section */

/* Begin PBXTargetDependency section */
		A4645D8E28B91EE800B7A665 /* PBXTargetDependency */ = {
			isa = PBXTargetDependency;
			target = A4645D7528B91EE600B7A665 /* Oipie */;
			targetProxy = A4645D8D28B91EE800B7A665 /* PBXContainerItemProxy */;
		};
		A4645D9828B91EE800B7A665 /* PBXTargetDependency */ = {
			isa = PBXTargetDependency;
			target = A4645D7528B91EE600B7A665 /* Oipie */;
			targetProxy = A4645D9728B91EE800B7A665 /* PBXContainerItemProxy */;
		};
/* End PBXTargetDependency section */

/* Begin PBXVariantGroup section */
		A4645D8428B91EE800B7A665 /* LaunchScreen.storyboard */ = {
			isa = PBXVariantGroup;
			children = (
				A4645D8528B91EE800B7A665 /* Base */,
			);
			name = LaunchScreen.storyboard;
			sourceTree = "<group>";
		};
/* End PBXVariantGroup section */

/* Begin XCBuildConfiguration section */
		A4645D9E28B91EE800B7A665 /* Debug */ = {
			isa = XCBuildConfiguration;
			buildSettings = {
				ALWAYS_SEARCH_USER_PATHS = NO;
				CLANG_ANALYZER_NONNULL = YES;
				CLANG_ANALYZER_NUMBER_OBJECT_CONVERSION = YES_AGGRESSIVE;
				CLANG_CXX_LANGUAGE_STANDARD = "gnu++17";
				CLANG_ENABLE_MODULES = YES;
				CLANG_ENABLE_OBJC_ARC = YES;
				CLANG_ENABLE_OBJC_WEAK = YES;
				CLANG_WARN_BLOCK_CAPTURE_AUTORELEASING = YES;
				CLANG_WARN_BOOL_CONVERSION = YES;
				CLANG_WARN_COMMA = YES;
				CLANG_WARN_CONSTANT_CONVERSION = YES;
				CLANG_WARN_DEPRECATED_OBJC_IMPLEMENTATIONS = YES;
				CLANG_WARN_DIRECT_OBJC_ISA_USAGE = YES_ERROR;
				CLANG_WARN_DOCUMENTATION_COMMENTS = YES;
				CLANG_WARN_EMPTY_BODY = YES;
				CLANG_WARN_ENUM_CONVERSION = YES;
				CLANG_WARN_INFINITE_RECURSION = YES;
				CLANG_WARN_INT_CONVERSION = YES;
				CLANG_WARN_NON_LITERAL_NULL_CONVERSION = YES;
				CLANG_WARN_OBJC_IMPLICIT_RETAIN_SELF = YES;
				CLANG_WARN_OBJC_LITERAL_CONVERSION = YES;
				CLANG_WARN_OBJC_ROOT_CLASS = YES_ERROR;
				CLANG_WARN_QUOTED_INCLUDE_IN_FRAMEWORK_HEADER = YES;
				CLANG_WARN_RANGE_LOOP_ANALYSIS = YES;
				CLANG_WARN_STRICT_PROTOTYPES = YES;
				CLANG_WARN_SUSPICIOUS_MOVE = YES;
				CLANG_WARN_UNGUARDED_AVAILABILITY = YES_AGGRESSIVE;
				CLANG_WARN_UNREACHABLE_CODE = YES;
				CLANG_WARN__DUPLICATE_METHOD_MATCH = YES;
				COPY_PHASE_STRIP = NO;
				DEBUG_INFORMATION_FORMAT = dwarf;
				ENABLE_STRICT_OBJC_MSGSEND = YES;
				ENABLE_TESTABILITY = YES;
				GCC_C_LANGUAGE_STANDARD = gnu11;
				GCC_DYNAMIC_NO_PIC = NO;
				GCC_NO_COMMON_BLOCKS = YES;
				GCC_OPTIMIZATION_LEVEL = 0;
				GCC_PREPROCESSOR_DEFINITIONS = (
					"DEBUG=1",
					"$(inherited)",
				);
				GCC_WARN_64_TO_32_BIT_CONVERSION = YES;
				GCC_WARN_ABOUT_RETURN_TYPE = YES_ERROR;
				GCC_WARN_UNDECLARED_SELECTOR = YES;
				GCC_WARN_UNINITIALIZED_AUTOS = YES_AGGRESSIVE;
				GCC_WARN_UNUSED_FUNCTION = YES;
				GCC_WARN_UNUSED_VARIABLE = YES;
				IPHONEOS_DEPLOYMENT_TARGET = 15.2;
				MTL_ENABLE_DEBUG_INFO = INCLUDE_SOURCE;
				MTL_FAST_MATH = YES;
				ONLY_ACTIVE_ARCH = YES;
				SDKROOT = iphoneos;
				SWIFT_ACTIVE_COMPILATION_CONDITIONS = DEBUG;
				SWIFT_OPTIMIZATION_LEVEL = "-Onone";
			};
			name = Debug;
		};
		A4645D9F28B91EE800B7A665 /* Release */ = {
			isa = XCBuildConfiguration;
			buildSettings = {
				ALWAYS_SEARCH_USER_PATHS = NO;
				CLANG_ANALYZER_NONNULL = YES;
				CLANG_ANALYZER_NUMBER_OBJECT_CONVERSION = YES_AGGRESSIVE;
				CLANG_CXX_LANGUAGE_STANDARD = "gnu++17";
				CLANG_ENABLE_MODULES = YES;
				CLANG_ENABLE_OBJC_ARC = YES;
				CLANG_ENABLE_OBJC_WEAK = YES;
				CLANG_WARN_BLOCK_CAPTURE_AUTORELEASING = YES;
				CLANG_WARN_BOOL_CONVERSION = YES;
				CLANG_WARN_COMMA = YES;
				CLANG_WARN_CONSTANT_CONVERSION = YES;
				CLANG_WARN_DEPRECATED_OBJC_IMPLEMENTATIONS = YES;
				CLANG_WARN_DIRECT_OBJC_ISA_USAGE = YES_ERROR;
				CLANG_WARN_DOCUMENTATION_COMMENTS = YES;
				CLANG_WARN_EMPTY_BODY = YES;
				CLANG_WARN_ENUM_CONVERSION = YES;
				CLANG_WARN_INFINITE_RECURSION = YES;
				CLANG_WARN_INT_CONVERSION = YES;
				CLANG_WARN_NON_LITERAL_NULL_CONVERSION = YES;
				CLANG_WARN_OBJC_IMPLICIT_RETAIN_SELF = YES;
				CLANG_WARN_OBJC_LITERAL_CONVERSION = YES;
				CLANG_WARN_OBJC_ROOT_CLASS = YES_ERROR;
				CLANG_WARN_QUOTED_INCLUDE_IN_FRAMEWORK_HEADER = YES;
				CLANG_WARN_RANGE_LOOP_ANALYSIS = YES;
				CLANG_WARN_STRICT_PROTOTYPES = YES;
				CLANG_WARN_SUSPICIOUS_MOVE = YES;
				CLANG_WARN_UNGUARDED_AVAILABILITY = YES_AGGRESSIVE;
				CLANG_WARN_UNREACHABLE_CODE = YES;
				CLANG_WARN__DUPLICATE_METHOD_MATCH = YES;
				COPY_PHASE_STRIP = NO;
				DEBUG_INFORMATION_FORMAT = "dwarf-with-dsym";
				ENABLE_NS_ASSERTIONS = NO;
				ENABLE_STRICT_OBJC_MSGSEND = YES;
				GCC_C_LANGUAGE_STANDARD = gnu11;
				GCC_NO_COMMON_BLOCKS = YES;
				GCC_WARN_64_TO_32_BIT_CONVERSION = YES;
				GCC_WARN_ABOUT_RETURN_TYPE = YES_ERROR;
				GCC_WARN_UNDECLARED_SELECTOR = YES;
				GCC_WARN_UNINITIALIZED_AUTOS = YES_AGGRESSIVE;
				GCC_WARN_UNUSED_FUNCTION = YES;
				GCC_WARN_UNUSED_VARIABLE = YES;
				IPHONEOS_DEPLOYMENT_TARGET = 15.2;
				MTL_ENABLE_DEBUG_INFO = NO;
				MTL_FAST_MATH = YES;
				SDKROOT = iphoneos;
				SWIFT_COMPILATION_MODE = wholemodule;
				SWIFT_OPTIMIZATION_LEVEL = "-O";
				VALIDATE_PRODUCT = YES;
			};
			name = Release;
		};
		A4645DA128B91EE800B7A665 /* Debug */ = {
			isa = XCBuildConfiguration;
			buildSettings = {
				ASSETCATALOG_COMPILER_APPICON_NAME = AppIcon;
				ASSETCATALOG_COMPILER_GLOBAL_ACCENT_COLOR_NAME = AccentColor;
				CODE_SIGN_IDENTITY = "Apple Development";
				CODE_SIGN_STYLE = Automatic;
				CURRENT_PROJECT_VERSION = 1;
				DEVELOPMENT_TEAM = 6U42JR486T;
				GENERATE_INFOPLIST_FILE = YES;
				INFOPLIST_FILE = Oipie/Info.plist;
				INFOPLIST_KEY_CFBundleDisplayName = Oipie;
				INFOPLIST_KEY_UIApplicationSupportsIndirectInputEvents = YES;
				INFOPLIST_KEY_UILaunchStoryboardName = LaunchScreen;
				INFOPLIST_KEY_UISupportedInterfaceOrientations_iPad = "UIInterfaceOrientationPortrait UIInterfaceOrientationPortraitUpsideDown UIInterfaceOrientationLandscapeLeft UIInterfaceOrientationLandscapeRight";
				INFOPLIST_KEY_UISupportedInterfaceOrientations_iPhone = "UIInterfaceOrientationPortrait UIInterfaceOrientationLandscapeLeft UIInterfaceOrientationLandscapeRight";
				LD_RUNPATH_SEARCH_PATHS = (
					"$(inherited)",
					"@executable_path/Frameworks",
				);
				MARKETING_VERSION = 1.0;
				PRODUCT_BUNDLE_IDENTIFIER = com.acidtango.oipie;
				PRODUCT_NAME = "$(TARGET_NAME)";
				PROVISIONING_PROFILE_SPECIFIER = "";
				SWIFT_EMIT_LOC_STRINGS = YES;
				SWIFT_VERSION = 5.0;
				TARGETED_DEVICE_FAMILY = 1;
			};
			name = Debug;
		};
		A4645DA228B91EE800B7A665 /* Release */ = {
			isa = XCBuildConfiguration;
			buildSettings = {
				ASSETCATALOG_COMPILER_APPICON_NAME = AppIcon;
				ASSETCATALOG_COMPILER_GLOBAL_ACCENT_COLOR_NAME = AccentColor;
				CODE_SIGN_IDENTITY = "Apple Development";
				CODE_SIGN_STYLE = Automatic;
				CURRENT_PROJECT_VERSION = 1;
				DEVELOPMENT_TEAM = 6U42JR486T;
				GENERATE_INFOPLIST_FILE = YES;
				INFOPLIST_FILE = Oipie/Info.plist;
				INFOPLIST_KEY_CFBundleDisplayName = Oipie;
				INFOPLIST_KEY_UIApplicationSupportsIndirectInputEvents = YES;
				INFOPLIST_KEY_UILaunchStoryboardName = LaunchScreen;
				INFOPLIST_KEY_UISupportedInterfaceOrientations_iPad = "UIInterfaceOrientationPortrait UIInterfaceOrientationPortraitUpsideDown UIInterfaceOrientationLandscapeLeft UIInterfaceOrientationLandscapeRight";
				INFOPLIST_KEY_UISupportedInterfaceOrientations_iPhone = "UIInterfaceOrientationPortrait UIInterfaceOrientationLandscapeLeft UIInterfaceOrientationLandscapeRight";
				LD_RUNPATH_SEARCH_PATHS = (
					"$(inherited)",
					"@executable_path/Frameworks",
				);
				MARKETING_VERSION = 1.0;
				PRODUCT_BUNDLE_IDENTIFIER = com.acidtango.oipie;
				PRODUCT_NAME = "$(TARGET_NAME)";
				PROVISIONING_PROFILE_SPECIFIER = "";
				SWIFT_EMIT_LOC_STRINGS = YES;
				SWIFT_VERSION = 5.0;
				TARGETED_DEVICE_FAMILY = 1;
			};
			name = Release;
		};
		A4645DA428B91EE800B7A665 /* Debug */ = {
			isa = XCBuildConfiguration;
			buildSettings = {
				ALWAYS_EMBED_SWIFT_STANDARD_LIBRARIES = YES;
				BUNDLE_LOADER = "$(TEST_HOST)";
				CODE_SIGN_STYLE = Automatic;
				CURRENT_PROJECT_VERSION = 1;
				DEVELOPMENT_TEAM = W72H93UL84;
				GENERATE_INFOPLIST_FILE = YES;
				IPHONEOS_DEPLOYMENT_TARGET = 15.5;
				MARKETING_VERSION = 1.0;
				PRODUCT_BUNDLE_IDENTIFIER = me.danielramos.OipieTests;
				PRODUCT_NAME = "$(TARGET_NAME)";
				SWIFT_EMIT_LOC_STRINGS = NO;
				SWIFT_VERSION = 5.0;
				TARGETED_DEVICE_FAMILY = "1,2";
				TEST_HOST = "$(BUILT_PRODUCTS_DIR)/Oipie.app/Oipie";
			};
			name = Debug;
		};
		A4645DA528B91EE800B7A665 /* Release */ = {
			isa = XCBuildConfiguration;
			buildSettings = {
				ALWAYS_EMBED_SWIFT_STANDARD_LIBRARIES = YES;
				BUNDLE_LOADER = "$(TEST_HOST)";
				CODE_SIGN_STYLE = Automatic;
				CURRENT_PROJECT_VERSION = 1;
				DEVELOPMENT_TEAM = W72H93UL84;
				GENERATE_INFOPLIST_FILE = YES;
				IPHONEOS_DEPLOYMENT_TARGET = 15.5;
				MARKETING_VERSION = 1.0;
				PRODUCT_BUNDLE_IDENTIFIER = me.danielramos.OipieTests;
				PRODUCT_NAME = "$(TARGET_NAME)";
				SWIFT_EMIT_LOC_STRINGS = NO;
				SWIFT_VERSION = 5.0;
				TARGETED_DEVICE_FAMILY = "1,2";
				TEST_HOST = "$(BUILT_PRODUCTS_DIR)/Oipie.app/Oipie";
			};
			name = Release;
		};
		A4645DA728B91EE800B7A665 /* Debug */ = {
			isa = XCBuildConfiguration;
			buildSettings = {
				ALWAYS_EMBED_SWIFT_STANDARD_LIBRARIES = YES;
				CODE_SIGN_STYLE = Automatic;
				CURRENT_PROJECT_VERSION = 1;
				DEVELOPMENT_TEAM = W72H93UL84;
				GENERATE_INFOPLIST_FILE = YES;
				MARKETING_VERSION = 1.0;
				PRODUCT_BUNDLE_IDENTIFIER = me.danielramos.OipieUITests;
				PRODUCT_NAME = "$(TARGET_NAME)";
				SWIFT_EMIT_LOC_STRINGS = NO;
				SWIFT_VERSION = 5.0;
				TARGETED_DEVICE_FAMILY = "1,2";
				TEST_TARGET_NAME = Oipie;
			};
			name = Debug;
		};
		A4645DA828B91EE800B7A665 /* Release */ = {
			isa = XCBuildConfiguration;
			buildSettings = {
				ALWAYS_EMBED_SWIFT_STANDARD_LIBRARIES = YES;
				CODE_SIGN_STYLE = Automatic;
				CURRENT_PROJECT_VERSION = 1;
				DEVELOPMENT_TEAM = W72H93UL84;
				GENERATE_INFOPLIST_FILE = YES;
				MARKETING_VERSION = 1.0;
				PRODUCT_BUNDLE_IDENTIFIER = me.danielramos.OipieUITests;
				PRODUCT_NAME = "$(TARGET_NAME)";
				SWIFT_EMIT_LOC_STRINGS = NO;
				SWIFT_VERSION = 5.0;
				TARGETED_DEVICE_FAMILY = "1,2";
				TEST_TARGET_NAME = Oipie;
			};
			name = Release;
		};
/* End XCBuildConfiguration section */

/* Begin XCConfigurationList section */
		A4645D7128B91EE500B7A665 /* Build configuration list for PBXProject "Oipie" */ = {
			isa = XCConfigurationList;
			buildConfigurations = (
				A4645D9E28B91EE800B7A665 /* Debug */,
				A4645D9F28B91EE800B7A665 /* Release */,
			);
			defaultConfigurationIsVisible = 0;
			defaultConfigurationName = Release;
		};
		A4645DA028B91EE800B7A665 /* Build configuration list for PBXNativeTarget "Oipie" */ = {
			isa = XCConfigurationList;
			buildConfigurations = (
				A4645DA128B91EE800B7A665 /* Debug */,
				A4645DA228B91EE800B7A665 /* Release */,
			);
			defaultConfigurationIsVisible = 0;
			defaultConfigurationName = Release;
		};
		A4645DA328B91EE800B7A665 /* Build configuration list for PBXNativeTarget "OipieTests" */ = {
			isa = XCConfigurationList;
			buildConfigurations = (
				A4645DA428B91EE800B7A665 /* Debug */,
				A4645DA528B91EE800B7A665 /* Release */,
			);
			defaultConfigurationIsVisible = 0;
			defaultConfigurationName = Release;
		};
		A4645DA628B91EE800B7A665 /* Build configuration list for PBXNativeTarget "OipieUITests" */ = {
			isa = XCConfigurationList;
			buildConfigurations = (
				A4645DA728B91EE800B7A665 /* Debug */,
				A4645DA828B91EE800B7A665 /* Release */,
			);
			defaultConfigurationIsVisible = 0;
			defaultConfigurationName = Release;
		};
/* End XCConfigurationList section */

/* Begin XCRemoteSwiftPackageReference section */
		A4645DD428BE07F600B7A665 /* XCRemoteSwiftPackageReference "Swinject" */ = {
			isa = XCRemoteSwiftPackageReference;
			repositoryURL = "https://github.com/Swinject/Swinject.git";
			requirement = {
				kind = exactVersion;
				version = 2.8.2;
			};
		};
		A4645DD928BE0D9400B7A665 /* XCRemoteSwiftPackageReference "Nimble" */ = {
			isa = XCRemoteSwiftPackageReference;
			repositoryURL = "https://github.com/Quick/Nimble.git";
			requirement = {
				kind = exactVersion;
				version = 10.0.0;
			};
		};
		A4645DDC28BE0DA700B7A665 /* XCRemoteSwiftPackageReference "Nimble" */ = {
			isa = XCRemoteSwiftPackageReference;
			repositoryURL = "https://github.com/Quick/Nimble.git";
			requirement = {
				kind = exactVersion;
				version = 10.0.0;
			};
		};
		A4645DE928BF648000B7A665 /* XCRemoteSwiftPackageReference "Kingfisher" */ = {
			isa = XCRemoteSwiftPackageReference;
			repositoryURL = "https://github.com/onevcat/Kingfisher.git";
			requirement = {
				kind = exactVersion;
				version = 7.3.2;
			};
		};
/* End XCRemoteSwiftPackageReference section */

/* Begin XCSwiftPackageProductDependency section */
		A4645DD528BE07F600B7A665 /* Swinject */ = {
			isa = XCSwiftPackageProductDependency;
			package = A4645DD428BE07F600B7A665 /* XCRemoteSwiftPackageReference "Swinject" */;
			productName = Swinject;
		};
		A4645DDA28BE0D9400B7A665 /* Nimble */ = {
			isa = XCSwiftPackageProductDependency;
			package = A4645DD928BE0D9400B7A665 /* XCRemoteSwiftPackageReference "Nimble" */;
			productName = Nimble;
		};
		A4645DDD28BE0DA700B7A665 /* Nimble */ = {
			isa = XCSwiftPackageProductDependency;
			package = A4645DD928BE0D9400B7A665 /* XCRemoteSwiftPackageReference "Nimble" */;
			productName = Nimble;
		};
		A4645DEA28BF648000B7A665 /* Kingfisher */ = {
			isa = XCSwiftPackageProductDependency;
			package = A4645DE928BF648000B7A665 /* XCRemoteSwiftPackageReference "Kingfisher" */;
			productName = Kingfisher;
		};
/* End XCSwiftPackageProductDependency section */
	};
	rootObject = A4645D6E28B91EE500B7A665 /* Project object */;
}
